
Microsoft Visual Studio Solution File, Format Version 12.00
# Visual Studio Version 17
VisualStudioVersion = 17.9.34902.65
MinimumVisualStudioVersion = 10.0.40219.1
Project("{FAE04EC0-301F-11D3-BF4B-00C04F79EFBC}") = "QR_Generator_Test_C#", "QR_Generator_Test_C#\QR_Generator_Test_C#.csproj", "{15DAE10A-0243-4725-B9D9-393E36501F05}"
EndProject
Global
	GlobalSection(SolutionConfigurationPlatforms) = preSolution
		Debug|Any CPU = Debug|Any CPU
		Release|Any CPU = Release|Any CPU
	EndGlobalSection
	GlobalSection(ProjectConfigurationPlatforms) = postSolution
		{15DAE10A-0243-4725-B9D9-393E36501F05}.Debug|Any CPU.ActiveCfg = Debug|Any CPU
		{15DAE10A-0243-4725-B9D9-393E36501F05}.Debug|Any CPU.Build.0 = Debug|Any CPU
		{15DAE10A-0243-4725-B9D9-393E36501F05}.Release|Any CPU.ActiveCfg = Release|Any CPU
		{15DAE10A-0243-4725-B9D9-393E36501F05}.Release|Any CPU.Build.0 = Release|Any CPU
	EndGlobalSection
	GlobalSection(SolutionProperties) = preSolution
		HideSolutionNode = FALSE
	EndGlobalSection
	GlobalSection(ExtensibilityGlobals) = postSolution
		SolutionGuid = {50F0213F-ECB2-4237-BB33-D4555DC80D93}
	EndGlobalSection
EndGlobal
